
Microsoft Visual Studio Solution File, Format Version 11.00
# Visual Studio 2010
Project("{FAE04EC0-301F-11D3-BF4B-00C04F79EFBC}") = "stm", "stm\stm.csproj", "{DC80F91E-9145-43FA-9615-0DDA0D743074}"
EndProject
Global
	GlobalSection(SolutionConfigurationPlatforms) = preSolution
		Debug|Any CPU = Debug|Any CPU
		Release|Any CPU = Release|Any CPU
	EndGlobalSection
	GlobalSection(ProjectConfigurationPlatforms) = postSolution
		{DC80F91E-9145-43FA-9615-0DDA0D743074}.Debug|Any CPU.ActiveCfg = Debug|Any CPU
		{DC80F91E-9145-43FA-9615-0DDA0D743074}.Debug|Any CPU.Build.0 = Debug|Any CPU
		{DC80F91E-9145-43FA-9615-0DDA0D743074}.Release|Any CPU.ActiveCfg = Release|Any CPU
		{DC80F91E-9145-43FA-9615-0DDA0D743074}.Release|Any CPU.Build.0 = Release|Any CPU
	EndGlobalSection
	GlobalSection(SolutionProperties) = preSolution
		HideSolutionNode = FALSE
	EndGlobalSection
EndGlobal
